
Microsoft Visual Studio Solution File, Format Version 12.00
# Visual Studio Version 16
VisualStudioVersion = 16.0.32413.511
MinimumVisualStudioVersion = 10.0.40219.1
Project("{9A19103F-16F7-4668-BE54-9A1E7A4F7556}") = "ArcaeaSonglistGenerator", "ArcaeaSonglistGenerator\ArcaeaSonglistGenerator.csproj", "{EDC58D75-8A57-4E56-B2B1-71E02126336B}"
EndProject
Global
	GlobalSection(SolutionConfigurationPlatforms) = preSolution
		Debug|Any CPU = Debug|Any CPU
		Release|Any CPU = Release|Any CPU
	EndGlobalSection
	GlobalSection(ProjectConfigurationPlatforms) = postSolution
		{EDC58D75-8A57-4E56-B2B1-71E02126336B}.Debug|Any CPU.ActiveCfg = Release|Any CPU
		{EDC58D75-8A57-4E56-B2B1-71E02126336B}.Debug|Any CPU.Build.0 = Release|Any CPU
		{EDC58D75-8A57-4E56-B2B1-71E02126336B}.Release|Any CPU.ActiveCfg = Release|Any CPU
		{EDC58D75-8A57-4E56-B2B1-71E02126336B}.Release|Any CPU.Build.0 = Release|Any CPU
	EndGlobalSection
	GlobalSection(SolutionProperties) = preSolution
		HideSolutionNode = FALSE
	EndGlobalSection
	GlobalSection(ExtensibilityGlobals) = postSolution
		SolutionGuid = {C773264C-4C5D-486C-AD12-04D0429A9297}
	EndGlobalSection
EndGlobal
